
Microsoft Visual Studio Solution File, Format Version 12.00
# Visual Studio Version 16
VisualStudioVersion = 16.0.31313.79
MinimumVisualStudioVersion = 10.0.40219.1
Project("{FAE04EC0-301F-11D3-BF4B-00C04F79EFBC}") = "Ole", "Ole.csproj", "{7A865DDF-E1FE-4F1F-9483-88642A7ADEEB}"
EndProject
Global
	GlobalSection(SolutionConfigurationPlatforms) = preSolution
		Debug|Any CPU = Debug|Any CPU
		Release|Any CPU = Release|Any CPU
	EndGlobalSection
	GlobalSection(ProjectConfigurationPlatforms) = postSolution
		{7A865DDF-E1FE-4F1F-9483-88642A7ADEEB}.Debug|Any CPU.ActiveCfg = Debug|Any CPU
		{7A865DDF-E1FE-4F1F-9483-88642A7ADEEB}.Debug|Any CPU.Build.0 = Debug|Any CPU
		{7A865DDF-E1FE-4F1F-9483-88642A7ADEEB}.Release|Any CPU.ActiveCfg = Release|Any CPU
		{7A865DDF-E1FE-4F1F-9483-88642A7ADEEB}.Release|Any CPU.Build.0 = Release|Any CPU
	EndGlobalSection
	GlobalSection(SolutionProperties) = preSolution
		HideSolutionNode = FALSE
	EndGlobalSection
	GlobalSection(ExtensibilityGlobals) = postSolution
		SolutionGuid = {F0284D9A-C2C8-4DB2-8213-32A9FFB3633B}
	EndGlobalSection
EndGlobal
